
Microsoft Visual Studio Solution File, Format Version 12.00
# Visual Studio Version 16
VisualStudioVersion = 16.0.29020.237
MinimumVisualStudioVersion = 10.0.40219.1
Project("{FAE04EC0-301F-11D3-BF4B-00C04F79EFBC}") = "Panacea.Modules.StreamingVideo", "Panacea.Modules.StreamingVideo\Panacea.Modules.StreamingVideo.csproj", "{748297A1-3DDB-4823-9204-84A361F5BF22}"
EndProject
Global
	GlobalSection(SolutionConfigurationPlatforms) = preSolution
		Debug|Any CPU = Debug|Any CPU
		Release|Any CPU = Release|Any CPU
	EndGlobalSection
	GlobalSection(ProjectConfigurationPlatforms) = postSolution
		{748297A1-3DDB-4823-9204-84A361F5BF22}.Debug|Any CPU.ActiveCfg = Debug|Any CPU
		{748297A1-3DDB-4823-9204-84A361F5BF22}.Debug|Any CPU.Build.0 = Debug|Any CPU
		{748297A1-3DDB-4823-9204-84A361F5BF22}.Release|Any CPU.ActiveCfg = Release|Any CPU
		{748297A1-3DDB-4823-9204-84A361F5BF22}.Release|Any CPU.Build.0 = Release|Any CPU
	EndGlobalSection
	GlobalSection(SolutionProperties) = preSolution
		HideSolutionNode = FALSE
	EndGlobalSection
	GlobalSection(ExtensibilityGlobals) = postSolution
		SolutionGuid = {CE73DF0D-40BF-4472-86B1-BC06424B4470}
	EndGlobalSection
EndGlobal
